
Microsoft Visual Studio Solution File, Format Version 12.00
# Visual Studio 14
VisualStudioVersion = 14.0.25420.1
MinimumVisualStudioVersion = 10.0.40219.1
Project("{A07B5EB6-E848-4116-A8D0-A826331D98C6}") = "CalculatorApplication", "CalculatorApplication\CalculatorApplication.sfproj", "{792858DE-7B0E-41C0-B779-908CF00B3593}"
EndProject
Project("{FAE04EC0-301F-11D3-BF4B-00C04F79EFBC}") = "CalculatorService", "CalculatorService\CalculatorService.csproj", "{77BB7C3A-292D-4E97-BD4C-004BB16201E9}"
EndProject
Project("{FAE04EC0-301F-11D3-BF4B-00C04F79EFBC}") = "CalculatorClient", "CalculatorClient\CalculatorClient.csproj", "{30997247-6AB1-440E-872B-0D91DE684389}"
EndProject
Global
	GlobalSection(SolutionConfigurationPlatforms) = preSolution
		Debug|Any CPU = Debug|Any CPU
		Debug|x64 = Debug|x64
		Release|Any CPU = Release|Any CPU
		Release|x64 = Release|x64
	EndGlobalSection
	GlobalSection(ProjectConfigurationPlatforms) = postSolution
		{792858DE-7B0E-41C0-B779-908CF00B3593}.Debug|Any CPU.ActiveCfg = Debug|x64
		{792858DE-7B0E-41C0-B779-908CF00B3593}.Debug|x64.ActiveCfg = Debug|x64
		{792858DE-7B0E-41C0-B779-908CF00B3593}.Debug|x64.Build.0 = Debug|x64
		{792858DE-7B0E-41C0-B779-908CF00B3593}.Debug|x64.Deploy.0 = Debug|x64
		{792858DE-7B0E-41C0-B779-908CF00B3593}.Release|Any CPU.ActiveCfg = Release|x64
		{792858DE-7B0E-41C0-B779-908CF00B3593}.Release|x64.ActiveCfg = Release|x64
		{792858DE-7B0E-41C0-B779-908CF00B3593}.Release|x64.Build.0 = Release|x64
		{792858DE-7B0E-41C0-B779-908CF00B3593}.Release|x64.Deploy.0 = Release|x64
		{77BB7C3A-292D-4E97-BD4C-004BB16201E9}.Debug|Any CPU.ActiveCfg = Debug|x64
		{77BB7C3A-292D-4E97-BD4C-004BB16201E9}.Debug|x64.ActiveCfg = Debug|x64
		{77BB7C3A-292D-4E97-BD4C-004BB16201E9}.Debug|x64.Build.0 = Debug|x64
		{77BB7C3A-292D-4E97-BD4C-004BB16201E9}.Release|Any CPU.ActiveCfg = Release|x64
		{77BB7C3A-292D-4E97-BD4C-004BB16201E9}.Release|x64.ActiveCfg = Release|x64
		{77BB7C3A-292D-4E97-BD4C-004BB16201E9}.Release|x64.Build.0 = Release|x64
		{30997247-6AB1-440E-872B-0D91DE684389}.Debug|Any CPU.ActiveCfg = Debug|Any CPU
		{30997247-6AB1-440E-872B-0D91DE684389}.Debug|Any CPU.Build.0 = Debug|Any CPU
		{30997247-6AB1-440E-872B-0D91DE684389}.Debug|x64.ActiveCfg = Debug|Any CPU
		{30997247-6AB1-440E-872B-0D91DE684389}.Debug|x64.Build.0 = Debug|Any CPU
		{30997247-6AB1-440E-872B-0D91DE684389}.Release|Any CPU.ActiveCfg = Release|Any CPU
		{30997247-6AB1-440E-872B-0D91DE684389}.Release|Any CPU.Build.0 = Release|Any CPU
		{30997247-6AB1-440E-872B-0D91DE684389}.Release|x64.ActiveCfg = Release|Any CPU
		{30997247-6AB1-440E-872B-0D91DE684389}.Release|x64.Build.0 = Release|Any CPU
	EndGlobalSection
	GlobalSection(SolutionProperties) = preSolution
		HideSolutionNode = FALSE
	EndGlobalSection
EndGlobal
